
Microsoft Visual Studio Solution File, Format Version 12.00
# Visual Studio Version 17
VisualStudioVersion = 17.4.33110.190
MinimumVisualStudioVersion = 10.0.40219.1
Project("{FAE04EC0-301F-11D3-BF4B-00C04F79EFBC}") = "PrimeiroProjeto", "PrimeiroProjeto\PrimeiroProjeto.csproj", "{4732C0E1-F136-4FEF-9EC1-0D3D5FDE8D2A}"
EndProject
Global
	GlobalSection(SolutionConfigurationPlatforms) = preSolution
		Debug|Any CPU = Debug|Any CPU
		Release|Any CPU = Release|Any CPU
	EndGlobalSection
	GlobalSection(ProjectConfigurationPlatforms) = postSolution
		{4732C0E1-F136-4FEF-9EC1-0D3D5FDE8D2A}.Debug|Any CPU.ActiveCfg = Debug|Any CPU
		{4732C0E1-F136-4FEF-9EC1-0D3D5FDE8D2A}.Debug|Any CPU.Build.0 = Debug|Any CPU
		{4732C0E1-F136-4FEF-9EC1-0D3D5FDE8D2A}.Release|Any CPU.ActiveCfg = Release|Any CPU
		{4732C0E1-F136-4FEF-9EC1-0D3D5FDE8D2A}.Release|Any CPU.Build.0 = Release|Any CPU
	EndGlobalSection
	GlobalSection(SolutionProperties) = preSolution
		HideSolutionNode = FALSE
	EndGlobalSection
	GlobalSection(ExtensibilityGlobals) = postSolution
		SolutionGuid = {B99ED68D-6567-45D1-8157-04A5BAD85787}
	EndGlobalSection
EndGlobal
